// !$*UTF8*$!
{
	archiveVersion = 1;
	classes = {
	};
	objectVersion = 50;
	objects = {

/* Begin PBXBuildFile section */
		44D38044248865BE00D589D9 /* AppDelegate.swift in Sources */ = {isa = PBXBuildFile; fileRef = 44D38043248865BE00D589D9 /* AppDelegate.swift */; };
		44D38046248865BE00D589D9 /* SceneDelegate.swift in Sources */ = {isa = PBXBuildFile; fileRef = 44D38045248865BE00D589D9 /* SceneDelegate.swift */; };
		44D38048248865BE00D589D9 /* HomeViewController.swift in Sources */ = {isa = PBXBuildFile; fileRef = 44D38047248865BE00D589D9 /* HomeViewController.swift */; };
		44D3804B248865BE00D589D9 /* Main.storyboard in Resources */ = {isa = PBXBuildFile; fileRef = 44D38049248865BE00D589D9 /* Main.storyboard */; };
		44D3804D248865C300D589D9 /* Assets.xcassets in Resources */ = {isa = PBXBuildFile; fileRef = 44D3804C248865C300D589D9 /* Assets.xcassets */; };
		44D38050248865C300D589D9 /* LaunchScreen.storyboard in Resources */ = {isa = PBXBuildFile; fileRef = 44D3804E248865C300D589D9 /* LaunchScreen.storyboard */; };
		44D380582488665C00D589D9 /* Coordinator.swift in Sources */ = {isa = PBXBuildFile; fileRef = 44D380572488665C00D589D9 /* Coordinator.swift */; };
		44D3805A2488672200D589D9 /* Storyboarded.swift in Sources */ = {isa = PBXBuildFile; fileRef = 44D380592488672200D589D9 /* Storyboarded.swift */; };
		44D3805E24886A0200D589D9 /* AppCoordinator.swift in Sources */ = {isa = PBXBuildFile; fileRef = 44D3805D24886A0200D589D9 /* AppCoordinator.swift */; };
		44D3806024886EBE00D589D9 /* BuyViewController.swift in Sources */ = {isa = PBXBuildFile; fileRef = 44D3805F24886EBE00D589D9 /* BuyViewController.swift */; };
		44D3806224886EF500D589D9 /* CreateAccountViewController.swift in Sources */ = {isa = PBXBuildFile; fileRef = 44D3806124886EF500D589D9 /* CreateAccountViewController.swift */; };
		44D380662488764300D589D9 /* HomeCoordinator.swift in Sources */ = {isa = PBXBuildFile; fileRef = 44D380652488764300D589D9 /* HomeCoordinator.swift */; };
		44D380682488778F00D589D9 /* BuyCoordinator.swift in Sources */ = {isa = PBXBuildFile; fileRef = 44D380672488778F00D589D9 /* BuyCoordinator.swift */; };
		44D3806A248877B800D589D9 /* CreateAccountCoordinator.swift in Sources */ = {isa = PBXBuildFile; fileRef = 44D38069248877B800D589D9 /* CreateAccountCoordinator.swift */; };
		44EC2ECA24894918008CF920 /* Coordinated.swift in Sources */ = {isa = PBXBuildFile; fileRef = 44EC2EC924894918008CF920 /* Coordinated.swift */; };
/* End PBXBuildFile section */

/* Begin PBXFileReference section */
		44D38040248865BE00D589D9 /* CoordinatorDesign.app */ = {isa = PBXFileReference; explicitFileType = wrapper.application; includeInIndex = 0; path = CoordinatorDesign.app; sourceTree = BUILT_PRODUCTS_DIR; };
		44D38043248865BE00D589D9 /* AppDelegate.swift */ = {isa = PBXFileReference; lastKnownFileType = sourcecode.swift; path = AppDelegate.swift; sourceTree = "<group>"; };
		44D38045248865BE00D589D9 /* SceneDelegate.swift */ = {isa = PBXFileReference; lastKnownFileType = sourcecode.swift; path = SceneDelegate.swift; sourceTree = "<group>"; };
		44D38047248865BE00D589D9 /* HomeViewController.swift */ = {isa = PBXFileReference; lastKnownFileType = sourcecode.swift; path = HomeViewController.swift; sourceTree = "<group>"; };
		44D3804A248865BE00D589D9 /* Base */ = {isa = PBXFileReference; lastKnownFileType = file.storyboard; name = Base; path = Base.lproj/Main.storyboard; sourceTree = "<group>"; };
		44D3804C248865C300D589D9 /* Assets.xcassets */ = {isa = PBXFileReference; lastKnownFileType = folder.assetcatalog; path = Assets.xcassets; sourceTree = "<group>"; };
		44D3804F248865C300D589D9 /* Base */ = {isa = PBXFileReference; lastKnownFileType = file.storyboard; name = Base; path = Base.lproj/LaunchScreen.storyboard; sourceTree = "<group>"; };
		44D38051248865C300D589D9 /* Info.plist */ = {isa = PBXFileReference; lastKnownFileType = text.plist.xml; path = Info.plist; sourceTree = "<group>"; };
		44D380572488665C00D589D9 /* Coordinator.swift */ = {isa = PBXFileReference; lastKnownFileType = sourcecode.swift; path = Coordinator.swift; sourceTree = "<group>"; };
		44D380592488672200D589D9 /* Storyboarded.swift */ = {isa = PBXFileReference; lastKnownFileType = sourcecode.swift; path = Storyboarded.swift; sourceTree = "<group>"; };
		44D3805D24886A0200D589D9 /* AppCoordinator.swift */ = {isa = PBXFileReference; lastKnownFileType = sourcecode.swift; path = AppCoordinator.swift; sourceTree = "<group>"; };
		44D3805F24886EBE00D589D9 /* BuyViewController.swift */ = {isa = PBXFileReference; lastKnownFileType = sourcecode.swift; path = BuyViewController.swift; sourceTree = "<group>"; };
		44D3806124886EF500D589D9 /* CreateAccountViewController.swift */ = {isa = PBXFileReference; lastKnownFileType = sourcecode.swift; path = CreateAccountViewController.swift; sourceTree = "<group>"; };
		44D380652488764300D589D9 /* HomeCoordinator.swift */ = {isa = PBXFileReference; lastKnownFileType = sourcecode.swift; path = HomeCoordinator.swift; sourceTree = "<group>"; };
		44D380672488778F00D589D9 /* BuyCoordinator.swift */ = {isa = PBXFileReference; lastKnownFileType = sourcecode.swift; path = BuyCoordinator.swift; sourceTree = "<group>"; };
		44D38069248877B800D589D9 /* CreateAccountCoordinator.swift */ = {isa = PBXFileReference; lastKnownFileType = sourcecode.swift; path = CreateAccountCoordinator.swift; sourceTree = "<group>"; };
		44EC2EC924894918008CF920 /* Coordinated.swift */ = {isa = PBXFileReference; lastKnownFileType = sourcecode.swift; path = Coordinated.swift; sourceTree = "<group>"; };
/* End PBXFileReference section */

/* Begin PBXFrameworksBuildPhase section */
		44D3803D248865BE00D589D9 /* Frameworks */ = {
			isa = PBXFrameworksBuildPhase;
			buildActionMask = 2147483647;
			files = (
			);
			runOnlyForDeploymentPostprocessing = 0;
		};
/* End PBXFrameworksBuildPhase section */

/* Begin PBXGroup section */
		44D38037248865BE00D589D9 = {
			isa = PBXGroup;
			children = (
				44D38042248865BE00D589D9 /* CoordinatorDesign */,
				44D38041248865BE00D589D9 /* Products */,
			);
			sourceTree = "<group>";
		};
		44D38041248865BE00D589D9 /* Products */ = {
			isa = PBXGroup;
			children = (
				44D38040248865BE00D589D9 /* CoordinatorDesign.app */,
			);
			name = Products;
			sourceTree = "<group>";
		};
		44D38042248865BE00D589D9 /* CoordinatorDesign */ = {
			isa = PBXGroup;
			children = (
				44D380642488760E00D589D9 /* Coordinators */,
				44D380632488715E00D589D9 /* ViewControllers */,
				44D38043248865BE00D589D9 /* AppDelegate.swift */,
				44D38045248865BE00D589D9 /* SceneDelegate.swift */,
				44D38049248865BE00D589D9 /* Main.storyboard */,
				44D3804C248865C300D589D9 /* Assets.xcassets */,
				44D3804E248865C300D589D9 /* LaunchScreen.storyboard */,
				44D38051248865C300D589D9 /* Info.plist */,
				44D380592488672200D589D9 /* Storyboarded.swift */,
			);
			path = CoordinatorDesign;
			sourceTree = "<group>";
		};
		44D380632488715E00D589D9 /* ViewControllers */ = {
			isa = PBXGroup;
			children = (
				44D38047248865BE00D589D9 /* HomeViewController.swift */,
				44D3805F24886EBE00D589D9 /* BuyViewController.swift */,
				44D3806124886EF500D589D9 /* CreateAccountViewController.swift */,
			);
			path = ViewControllers;
			sourceTree = "<group>";
		};
		44D380642488760E00D589D9 /* Coordinators */ = {
			isa = PBXGroup;
			children = (
				44D380572488665C00D589D9 /* Coordinator.swift */,
				44EC2EC924894918008CF920 /* Coordinated.swift */,
				44D3805D24886A0200D589D9 /* AppCoordinator.swift */,
				44D380652488764300D589D9 /* HomeCoordinator.swift */,
				44D380672488778F00D589D9 /* BuyCoordinator.swift */,
				44D38069248877B800D589D9 /* CreateAccountCoordinator.swift */,
			);
			path = Coordinators;
			sourceTree = "<group>";
		};
/* End PBXGroup section */

/* Begin PBXNativeTarget section */
		44D3803F248865BE00D589D9 /* CoordinatorDesign */ = {
			isa = PBXNativeTarget;
			buildConfigurationList = 44D38054248865C300D589D9 /* Build configuration list for PBXNativeTarget "CoordinatorDesign" */;
			buildPhases = (
				44D3803C248865BE00D589D9 /* Sources */,
				44D3803D248865BE00D589D9 /* Frameworks */,
				44D3803E248865BE00D589D9 /* Resources */,
			);
			buildRules = (
			);
			dependencies = (
			);
			name = CoordinatorDesign;
			productName = CoordinatorDesign;
			productReference = 44D38040248865BE00D589D9 /* CoordinatorDesign.app */;
			productType = "com.apple.product-type.application";
		};
/* End PBXNativeTarget section */

/* Begin PBXProject section */
		44D38038248865BE00D589D9 /* Project object */ = {
			isa = PBXProject;
			attributes = {
				LastSwiftUpdateCheck = 1150;
				LastUpgradeCheck = 1150;
				ORGANIZATIONNAME = Surendra;
				TargetAttributes = {
					44D3803F248865BE00D589D9 = {
						CreatedOnToolsVersion = 11.5;
					};
				};
			};
			buildConfigurationList = 44D3803B248865BE00D589D9 /* Build configuration list for PBXProject "CoordinatorDesign" */;
			compatibilityVersion = "Xcode 9.3";
			developmentRegion = en;
			hasScannedForEncodings = 0;
			knownRegions = (
				en,
				Base,
			);
			mainGroup = 44D38037248865BE00D589D9;
			productRefGroup = 44D38041248865BE00D589D9 /* Products */;
			projectDirPath = "";
			projectRoot = "";
			targets = (
				44D3803F248865BE00D589D9 /* CoordinatorDesign */,
			);
		};
/* End PBXProject section */

/* Begin PBXResourcesBuildPhase section */
		44D3803E248865BE00D589D9 /* Resources */ = {
			isa = PBXResourcesBuildPhase;
			buildActionMask = 2147483647;
			files = (
				44D38050248865C300D589D9 /* LaunchScreen.storyboard in Resources */,
				44D3804D248865C300D589D9 /* Assets.xcassets in Resources */,
				44D3804B248865BE00D589D9 /* Main.storyboard in Resources */,
			);
			runOnlyForDeploymentPostprocessing = 0;
		};
/* End PBXResourcesBuildPhase section */

/* Begin PBXSourcesBuildPhase section */
		44D3803C248865BE00D589D9 /* Sources */ = {
			isa = PBXSourcesBuildPhase;
			buildActionMask = 2147483647;
			files = (
				44D380582488665C00D589D9 /* Coordinator.swift in Sources */,
				44D3805E24886A0200D589D9 /* AppCoordinator.swift in Sources */,
				44D380662488764300D589D9 /* HomeCoordinator.swift in Sources */,
				44D380682488778F00D589D9 /* BuyCoordinator.swift in Sources */,
				44D38048248865BE00D589D9 /* HomeViewController.swift in Sources */,
				44D3805A2488672200D589D9 /* Storyboarded.swift in Sources */,
				44D3806A248877B800D589D9 /* CreateAccountCoordinator.swift in Sources */,
				44D3806224886EF500D589D9 /* CreateAccountViewController.swift in Sources */,
				44D38044248865BE00D589D9 /* AppDelegate.swift in Sources */,
				44D3806024886EBE00D589D9 /* BuyViewController.swift in Sources */,
				44EC2ECA24894918008CF920 /* Coordinated.swift in Sources */,
				44D38046248865BE00D589D9 /* SceneDelegate.swift in Sources */,
			);
			runOnlyForDeploymentPostprocessing = 0;
		};
/* End PBXSourcesBuildPhase section */

/* Begin PBXVariantGroup section */
		44D38049248865BE00D589D9 /* Main.storyboard */ = {
			isa = PBXVariantGroup;
			children = (
				44D3804A248865BE00D589D9 /* Base */,
			);
			name = Main.storyboard;
			sourceTree = "<group>";
		};
		44D3804E248865C300D589D9 /* LaunchScreen.storyboard */ = {
			isa = PBXVariantGroup;
			children = (
				44D3804F248865C300D589D9 /* Base */,
			);
			name = LaunchScreen.storyboard;
			sourceTree = "<group>";
		};
/* End PBXVariantGroup section */

/* Begin XCBuildConfiguration section */
		44D38052248865C300D589D9 /* Debug */ = {
			isa = XCBuildConfiguration;
			buildSettings = {
				ALWAYS_SEARCH_USER_PATHS = NO;
				CLANG_ANALYZER_NONNULL = YES;
				CLANG_ANALYZER_NUMBER_OBJECT_CONVERSION = YES_AGGRESSIVE;
				CLANG_CXX_LANGUAGE_STANDARD = "gnu++14";
				CLANG_CXX_LIBRARY = "libc++";
				CLANG_ENABLE_MODULES = YES;
				CLANG_ENABLE_OBJC_ARC = YES;
				CLANG_ENABLE_OBJC_WEAK = YES;
				CLANG_WARN_BLOCK_CAPTURE_AUTORELEASING = YES;
				CLANG_WARN_BOOL_CONVERSION = YES;
				CLANG_WARN_COMMA = YES;
				CLANG_WARN_CONSTANT_CONVERSION = YES;
				CLANG_WARN_DEPRECATED_OBJC_IMPLEMENTATIONS = YES;
				CLANG_WARN_DIRECT_OBJC_ISA_USAGE = YES_ERROR;
				CLANG_WARN_DOCUMENTATION_COMMENTS = YES;
				CLANG_WARN_EMPTY_BODY = YES;
				CLANG_WARN_ENUM_CONVERSION = YES;
				CLANG_WARN_INFINITE_RECURSION = YES;
				CLANG_WARN_INT_CONVERSION = YES;
				CLANG_WARN_NON_LITERAL_NULL_CONVERSION = YES;
				CLANG_WARN_OBJC_IMPLICIT_RETAIN_SELF = YES;
				CLANG_WARN_OBJC_LITERAL_CONVERSION = YES;
				CLANG_WARN_OBJC_ROOT_CLASS = YES_ERROR;
				CLANG_WARN_RANGE_LOOP_ANALYSIS = YES;
				CLANG_WARN_STRICT_PROTOTYPES = YES;
				CLANG_WARN_SUSPICIOUS_MOVE = YES;
				CLANG_WARN_UNGUARDED_AVAILABILITY = YES_AGGRESSIVE;
				CLANG_WARN_UNREACHABLE_CODE = YES;
				CLANG_WARN__DUPLICATE_METHOD_MATCH = YES;
				COPY_PHASE_STRIP = NO;
				DEBUG_INFORMATION_FORMAT = dwarf;
				ENABLE_STRICT_OBJC_MSGSEND = YES;
				ENABLE_TESTABILITY = YES;
				GCC_C_LANGUAGE_STANDARD = gnu11;
				GCC_DYNAMIC_NO_PIC = NO;
				GCC_NO_COMMON_BLOCKS = YES;
				GCC_OPTIMIZATION_LEVEL = 0;
				GCC_PREPROCESSOR_DEFINITIONS = (
					"DEBUG=1",
					"$(inherited)",
				);
				GCC_WARN_64_TO_32_BIT_CONVERSION = YES;
				GCC_WARN_ABOUT_RETURN_TYPE = YES_ERROR;
				GCC_WARN_UNDECLARED_SELECTOR = YES;
				GCC_WARN_UNINITIALIZED_AUTOS = YES_AGGRESSIVE;
				GCC_WARN_UNUSED_FUNCTION = YES;
				GCC_WARN_UNUSED_VARIABLE = YES;
				IPHONEOS_DEPLOYMENT_TARGET = 13.5;
				MTL_ENABLE_DEBUG_INFO = INCLUDE_SOURCE;
				MTL_FAST_MATH = YES;
				ONLY_ACTIVE_ARCH = YES;
				SDKROOT = iphoneos;
				SWIFT_ACTIVE_COMPILATION_CONDITIONS = DEBUG;
				SWIFT_OPTIMIZATION_LEVEL = "-Onone";
			};
			name = Debug;
		};
		44D38053248865C300D589D9 /* Release */ = {
			isa = XCBuildConfiguration;
			buildSettings = {
				ALWAYS_SEARCH_USER_PATHS = NO;
				CLANG_ANALYZER_NONNULL = YES;
				CLANG_ANALYZER_NUMBER_OBJECT_CONVERSION = YES_AGGRESSIVE;
				CLANG_CXX_LANGUAGE_STANDARD = "gnu++14";
				CLANG_CXX_LIBRARY = "libc++";
				CLANG_ENABLE_MODULES = YES;
				CLANG_ENABLE_OBJC_ARC = YES;
				CLANG_ENABLE_OBJC_WEAK = YES;
				CLANG_WARN_BLOCK_CAPTURE_AUTORELEASING = YES;
				CLANG_WARN_BOOL_CONVERSION = YES;
				CLANG_WARN_COMMA = YES;
				CLANG_WARN_CONSTANT_CONVERSION = YES;
				CLANG_WARN_DEPRECATED_OBJC_IMPLEMENTATIONS = YES;
				CLANG_WARN_DIRECT_OBJC_ISA_USAGE = YES_ERROR;
				CLANG_WARN_DOCUMENTATION_COMMENTS = YES;
				CLANG_WARN_EMPTY_BODY = YES;
				CLANG_WARN_ENUM_CONVERSION = YES;
				CLANG_WARN_INFINITE_RECURSION = YES;
				CLANG_WARN_INT_CONVERSION = YES;
				CLANG_WARN_NON_LITERAL_NULL_CONVERSION = YES;
				CLANG_WARN_OBJC_IMPLICIT_RETAIN_SELF = YES;
				CLANG_WARN_OBJC_LITERAL_CONVERSION = YES;
				CLANG_WARN_OBJC_ROOT_CLASS = YES_ERROR;
				CLANG_WARN_RANGE_LOOP_ANALYSIS = YES;
				CLANG_WARN_STRICT_PROTOTYPES = YES;
				CLANG_WARN_SUSPICIOUS_MOVE = YES;
				CLANG_WARN_UNGUARDED_AVAILABILITY = YES_AGGRESSIVE;
				CLANG_WARN_UNREACHABLE_CODE = YES;
				CLANG_WARN__DUPLICATE_METHOD_MATCH = YES;
				COPY_PHASE_STRIP = NO;
				DEBUG_INFORMATION_FORMAT = "dwarf-with-dsym";
				ENABLE_NS_ASSERTIONS = NO;
				ENABLE_STRICT_OBJC_MSGSEND = YES;
				GCC_C_LANGUAGE_STANDARD = gnu11;
				GCC_NO_COMMON_BLOCKS = YES;
				GCC_WARN_64_TO_32_BIT_CONVERSION = YES;
				GCC_WARN_ABOUT_RETURN_TYPE = YES_ERROR;
				GCC_WARN_UNDECLARED_SELECTOR = YES;
				GCC_WARN_UNINITIALIZED_AUTOS = YES_AGGRESSIVE;
				GCC_WARN_UNUSED_FUNCTION = YES;
				GCC_WARN_UNUSED_VARIABLE = YES;
				IPHONEOS_DEPLOYMENT_TARGET = 13.5;
				MTL_ENABLE_DEBUG_INFO = NO;
				MTL_FAST_MATH = YES;
				SDKROOT = iphoneos;
				SWIFT_COMPILATION_MODE = wholemodule;
				SWIFT_OPTIMIZATION_LEVEL = "-O";
				VALIDATE_PRODUCT = YES;
			};
			name = Release;
		};
		44D38055248865C300D589D9 /* Debug */ = {
			isa = XCBuildConfiguration;
			buildSettings = {
				ASSETCATALOG_COMPILER_APPICON_NAME = AppIcon;
				CODE_SIGN_STYLE = Automatic;
				DEVELOPMENT_TEAM = A6LEV3WJH3;
				INFOPLIST_FILE = CoordinatorDesign/Info.plist;
				LD_RUNPATH_SEARCH_PATHS = (
					"$(inherited)",
					"@executable_path/Frameworks",
				);
				PRODUCT_BUNDLE_IDENTIFIER = com.surendra.CoordinatorDesign;
				PRODUCT_NAME = "$(TARGET_NAME)";
				SWIFT_VERSION = 5.0;
				TARGETED_DEVICE_FAMILY = "1,2";
			};
			name = Debug;
		};
		44D38056248865C300D589D9 /* Release */ = {
			isa = XCBuildConfiguration;
			buildSettings = {
				ASSETCATALOG_COMPILER_APPICON_NAME = AppIcon;
				CODE_SIGN_STYLE = Automatic;
				DEVELOPMENT_TEAM = A6LEV3WJH3;
				INFOPLIST_FILE = CoordinatorDesign/Info.plist;
				LD_RUNPATH_SEARCH_PATHS = (
					"$(inherited)",
					"@executable_path/Frameworks",
				);
				PRODUCT_BUNDLE_IDENTIFIER = com.surendra.CoordinatorDesign;
				PRODUCT_NAME = "$(TARGET_NAME)";
				SWIFT_VERSION = 5.0;
				TARGETED_DEVICE_FAMILY = "1,2";
			};
			name = Release;
		};
/* End XCBuildConfiguration section */

/* Begin XCConfigurationList section */
		44D3803B248865BE00D589D9 /* Build configuration list for PBXProject "CoordinatorDesign" */ = {
			isa = XCConfigurationList;
			buildConfigurations = (
				44D38052248865C300D589D9 /* Debug */,
				44D38053248865C300D589D9 /* Release */,
			);
			defaultConfigurationIsVisible = 0;
			defaultConfigurationName = Release;
		};
		44D38054248865C300D589D9 /* Build configuration list for PBXNativeTarget "CoordinatorDesign" */ = {
			isa = XCConfigurationList;
			buildConfigurations = (
				44D38055248865C300D589D9 /* Debug */,
				44D38056248865C300D589D9 /* Release */,
			);
			defaultConfigurationIsVisible = 0;
			defaultConfigurationName = Release;
		};
/* End XCConfigurationList section */
	};
	rootObject = 44D38038248865BE00D589D9 /* Project object */;
}
